
Microsoft Visual Studio Solution File, Format Version 12.00
# Visual Studio Version 16
VisualStudioVersion = 16.6.30114.105
MinimumVisualStudioVersion = 10.0.40219.1
Project("{FAE04EC0-301F-11D3-BF4B-00C04F79EFBC}") = "Persistence", "Persistence\Persistence.csproj", "{EE4098B3-80DF-420B-A7EB-4F51DFC1D3B7}"
EndProject
Project("{FAE04EC0-301F-11D3-BF4B-00C04F79EFBC}") = "DAL", "DAL\DAL.csproj", "{C0B56E5D-DC1C-4899-91A5-19AB23D4180C}"
EndProject
Project("{2150E333-8FDC-42A3-9474-1A3956D46DE8}") = "DAL", "DAL", "{9A904908-81E3-470B-ACAF-31D9789B0DD8}"
EndProject
Project("{FAE04EC0-301F-11D3-BF4B-00C04F79EFBC}") = "BL", "DAL\BL\BL.csproj", "{18B21D1C-0C37-4427-9A4B-3EED6AF86078}"
EndProject
Project("{FAE04EC0-301F-11D3-BF4B-00C04F79EFBC}") = "BL", "BL\BL.csproj", "{D40EEAEE-61E0-4D50-861D-FA2FBFFB9D38}"
EndProject
Project("{FAE04EC0-301F-11D3-BF4B-00C04F79EFBC}") = "ConsoleAppPL", "ConsoleAppPL\ConsoleAppPL.csproj", "{13327A43-9755-4D74-B56B-4CB3E9E9AD85}"
EndProject
Project("{FAE04EC0-301F-11D3-BF4B-00C04F79EFBC}") = "ConsoleApp", "ConsoleApp\ConsoleApp.csproj", "{876096B3-1EA6-461A-BFDB-5744CD361CCB}"
EndProject
Global
	GlobalSection(SolutionConfigurationPlatforms) = preSolution
		Debug|Any CPU = Debug|Any CPU
		Debug|x64 = Debug|x64
		Debug|x86 = Debug|x86
		Release|Any CPU = Release|Any CPU
		Release|x64 = Release|x64
		Release|x86 = Release|x86
	EndGlobalSection
	GlobalSection(SolutionProperties) = preSolution
		HideSolutionNode = FALSE
	EndGlobalSection
	GlobalSection(ProjectConfigurationPlatforms) = postSolution
		{EE4098B3-80DF-420B-A7EB-4F51DFC1D3B7}.Debug|Any CPU.ActiveCfg = Debug|Any CPU
		{EE4098B3-80DF-420B-A7EB-4F51DFC1D3B7}.Debug|Any CPU.Build.0 = Debug|Any CPU
		{EE4098B3-80DF-420B-A7EB-4F51DFC1D3B7}.Debug|x64.ActiveCfg = Debug|Any CPU
		{EE4098B3-80DF-420B-A7EB-4F51DFC1D3B7}.Debug|x64.Build.0 = Debug|Any CPU
		{EE4098B3-80DF-420B-A7EB-4F51DFC1D3B7}.Debug|x86.ActiveCfg = Debug|Any CPU
		{EE4098B3-80DF-420B-A7EB-4F51DFC1D3B7}.Debug|x86.Build.0 = Debug|Any CPU
		{EE4098B3-80DF-420B-A7EB-4F51DFC1D3B7}.Release|Any CPU.ActiveCfg = Release|Any CPU
		{EE4098B3-80DF-420B-A7EB-4F51DFC1D3B7}.Release|Any CPU.Build.0 = Release|Any CPU
		{EE4098B3-80DF-420B-A7EB-4F51DFC1D3B7}.Release|x64.ActiveCfg = Release|Any CPU
		{EE4098B3-80DF-420B-A7EB-4F51DFC1D3B7}.Release|x64.Build.0 = Release|Any CPU
		{EE4098B3-80DF-420B-A7EB-4F51DFC1D3B7}.Release|x86.ActiveCfg = Release|Any CPU
		{EE4098B3-80DF-420B-A7EB-4F51DFC1D3B7}.Release|x86.Build.0 = Release|Any CPU
		{C0B56E5D-DC1C-4899-91A5-19AB23D4180C}.Debug|Any CPU.ActiveCfg = Debug|Any CPU
		{C0B56E5D-DC1C-4899-91A5-19AB23D4180C}.Debug|Any CPU.Build.0 = Debug|Any CPU
		{C0B56E5D-DC1C-4899-91A5-19AB23D4180C}.Debug|x64.ActiveCfg = Debug|Any CPU
		{C0B56E5D-DC1C-4899-91A5-19AB23D4180C}.Debug|x64.Build.0 = Debug|Any CPU
		{C0B56E5D-DC1C-4899-91A5-19AB23D4180C}.Debug|x86.ActiveCfg = Debug|Any CPU
		{C0B56E5D-DC1C-4899-91A5-19AB23D4180C}.Debug|x86.Build.0 = Debug|Any CPU
		{C0B56E5D-DC1C-4899-91A5-19AB23D4180C}.Release|Any CPU.ActiveCfg = Release|Any CPU
		{C0B56E5D-DC1C-4899-91A5-19AB23D4180C}.Release|Any CPU.Build.0 = Release|Any CPU
		{C0B56E5D-DC1C-4899-91A5-19AB23D4180C}.Release|x64.ActiveCfg = Release|Any CPU
		{C0B56E5D-DC1C-4899-91A5-19AB23D4180C}.Release|x64.Build.0 = Release|Any CPU
		{C0B56E5D-DC1C-4899-91A5-19AB23D4180C}.Release|x86.ActiveCfg = Release|Any CPU
		{C0B56E5D-DC1C-4899-91A5-19AB23D4180C}.Release|x86.Build.0 = Release|Any CPU
		{18B21D1C-0C37-4427-9A4B-3EED6AF86078}.Debug|Any CPU.ActiveCfg = Debug|Any CPU
		{18B21D1C-0C37-4427-9A4B-3EED6AF86078}.Debug|Any CPU.Build.0 = Debug|Any CPU
		{18B21D1C-0C37-4427-9A4B-3EED6AF86078}.Debug|x64.ActiveCfg = Debug|Any CPU
		{18B21D1C-0C37-4427-9A4B-3EED6AF86078}.Debug|x64.Build.0 = Debug|Any CPU
		{18B21D1C-0C37-4427-9A4B-3EED6AF86078}.Debug|x86.ActiveCfg = Debug|Any CPU
		{18B21D1C-0C37-4427-9A4B-3EED6AF86078}.Debug|x86.Build.0 = Debug|Any CPU
		{18B21D1C-0C37-4427-9A4B-3EED6AF86078}.Release|Any CPU.ActiveCfg = Release|Any CPU
		{18B21D1C-0C37-4427-9A4B-3EED6AF86078}.Release|Any CPU.Build.0 = Release|Any CPU
		{18B21D1C-0C37-4427-9A4B-3EED6AF86078}.Release|x64.ActiveCfg = Release|Any CPU
		{18B21D1C-0C37-4427-9A4B-3EED6AF86078}.Release|x64.Build.0 = Release|Any CPU
		{18B21D1C-0C37-4427-9A4B-3EED6AF86078}.Release|x86.ActiveCfg = Release|Any CPU
		{18B21D1C-0C37-4427-9A4B-3EED6AF86078}.Release|x86.Build.0 = Release|Any CPU
		{D40EEAEE-61E0-4D50-861D-FA2FBFFB9D38}.Debug|Any CPU.ActiveCfg = Debug|Any CPU
		{D40EEAEE-61E0-4D50-861D-FA2FBFFB9D38}.Debug|Any CPU.Build.0 = Debug|Any CPU
		{D40EEAEE-61E0-4D50-861D-FA2FBFFB9D38}.Debug|x64.ActiveCfg = Debug|Any CPU
		{D40EEAEE-61E0-4D50-861D-FA2FBFFB9D38}.Debug|x64.Build.0 = Debug|Any CPU
		{D40EEAEE-61E0-4D50-861D-FA2FBFFB9D38}.Debug|x86.ActiveCfg = Debug|Any CPU
		{D40EEAEE-61E0-4D50-861D-FA2FBFFB9D38}.Debug|x86.Build.0 = Debug|Any CPU
		{D40EEAEE-61E0-4D50-861D-FA2FBFFB9D38}.Release|Any CPU.ActiveCfg = Release|Any CPU
		{D40EEAEE-61E0-4D50-861D-FA2FBFFB9D38}.Release|Any CPU.Build.0 = Release|Any CPU
		{D40EEAEE-61E0-4D50-861D-FA2FBFFB9D38}.Release|x64.ActiveCfg = Release|Any CPU
		{D40EEAEE-61E0-4D50-861D-FA2FBFFB9D38}.Release|x64.Build.0 = Release|Any CPU
		{D40EEAEE-61E0-4D50-861D-FA2FBFFB9D38}.Release|x86.ActiveCfg = Release|Any CPU
		{D40EEAEE-61E0-4D50-861D-FA2FBFFB9D38}.Release|x86.Build.0 = Release|Any CPU
		{13327A43-9755-4D74-B56B-4CB3E9E9AD85}.Debug|Any CPU.ActiveCfg = Debug|Any CPU
		{13327A43-9755-4D74-B56B-4CB3E9E9AD85}.Debug|Any CPU.Build.0 = Debug|Any CPU
		{13327A43-9755-4D74-B56B-4CB3E9E9AD85}.Debug|x64.ActiveCfg = Debug|Any CPU
		{13327A43-9755-4D74-B56B-4CB3E9E9AD85}.Debug|x64.Build.0 = Debug|Any CPU
		{13327A43-9755-4D74-B56B-4CB3E9E9AD85}.Debug|x86.ActiveCfg = Debug|Any CPU
		{13327A43-9755-4D74-B56B-4CB3E9E9AD85}.Debug|x86.Build.0 = Debug|Any CPU
		{13327A43-9755-4D74-B56B-4CB3E9E9AD85}.Release|Any CPU.ActiveCfg = Release|Any CPU
		{13327A43-9755-4D74-B56B-4CB3E9E9AD85}.Release|Any CPU.Build.0 = Release|Any CPU
		{13327A43-9755-4D74-B56B-4CB3E9E9AD85}.Release|x64.ActiveCfg = Release|Any CPU
		{13327A43-9755-4D74-B56B-4CB3E9E9AD85}.Release|x64.Build.0 = Release|Any CPU
		{13327A43-9755-4D74-B56B-4CB3E9E9AD85}.Release|x86.ActiveCfg = Release|Any CPU
		{13327A43-9755-4D74-B56B-4CB3E9E9AD85}.Release|x86.Build.0 = Release|Any CPU
		{876096B3-1EA6-461A-BFDB-5744CD361CCB}.Debug|Any CPU.ActiveCfg = Debug|Any CPU
		{876096B3-1EA6-461A-BFDB-5744CD361CCB}.Debug|Any CPU.Build.0 = Debug|Any CPU
		{876096B3-1EA6-461A-BFDB-5744CD361CCB}.Debug|x64.ActiveCfg = Debug|Any CPU
		{876096B3-1EA6-461A-BFDB-5744CD361CCB}.Debug|x64.Build.0 = Debug|Any CPU
		{876096B3-1EA6-461A-BFDB-5744CD361CCB}.Debug|x86.ActiveCfg = Debug|Any CPU
		{876096B3-1EA6-461A-BFDB-5744CD361CCB}.Debug|x86.Build.0 = Debug|Any CPU
		{876096B3-1EA6-461A-BFDB-5744CD361CCB}.Release|Any CPU.ActiveCfg = Release|Any CPU
		{876096B3-1EA6-461A-BFDB-5744CD361CCB}.Release|Any CPU.Build.0 = Release|Any CPU
		{876096B3-1EA6-461A-BFDB-5744CD361CCB}.Release|x64.ActiveCfg = Release|Any CPU
		{876096B3-1EA6-461A-BFDB-5744CD361CCB}.Release|x64.Build.0 = Release|Any CPU
		{876096B3-1EA6-461A-BFDB-5744CD361CCB}.Release|x86.ActiveCfg = Release|Any CPU
		{876096B3-1EA6-461A-BFDB-5744CD361CCB}.Release|x86.Build.0 = Release|Any CPU
	EndGlobalSection
	GlobalSection(NestedProjects) = preSolution
		{18B21D1C-0C37-4427-9A4B-3EED6AF86078} = {9A904908-81E3-470B-ACAF-31D9789B0DD8}
	EndGlobalSection
EndGlobal
